
Microsoft Visual Studio Solution File, Format Version 12.00
# Visual Studio Version 16
VisualStudioVersion = 16.0.30717.126
MinimumVisualStudioVersion = 10.0.40219.1
Project("{9A19103F-16F7-4668-BE54-9A1E7A4F7556}") = "01.Vehicles", "01.Vehicles\01.Vehicles.csproj", "{693FEF9F-950E-482B-AC82-AC332B93FEBB}"
EndProject
Project("{9A19103F-16F7-4668-BE54-9A1E7A4F7556}") = "03.Raiding", "03.Raiding\03.Raiding.csproj", "{42F330E4-7B0D-4A6D-B049-125F9834CE51}"
EndProject
Project("{FAE04EC0-301F-11D3-BF4B-00C04F79EFBC}") = "04.WildFarm", "04.WildFarm\04.WildFarm.csproj", "{D973DBAE-1520-4E60-9615-DAD7062BEFB7}"
EndProject
Global
	GlobalSection(SolutionConfigurationPlatforms) = preSolution
		Debug|Any CPU = Debug|Any CPU
		Release|Any CPU = Release|Any CPU
	EndGlobalSection
	GlobalSection(ProjectConfigurationPlatforms) = postSolution
		{693FEF9F-950E-482B-AC82-AC332B93FEBB}.Debug|Any CPU.ActiveCfg = Debug|Any CPU
		{693FEF9F-950E-482B-AC82-AC332B93FEBB}.Debug|Any CPU.Build.0 = Debug|Any CPU
		{693FEF9F-950E-482B-AC82-AC332B93FEBB}.Release|Any CPU.ActiveCfg = Release|Any CPU
		{693FEF9F-950E-482B-AC82-AC332B93FEBB}.Release|Any CPU.Build.0 = Release|Any CPU
		{42F330E4-7B0D-4A6D-B049-125F9834CE51}.Debug|Any CPU.ActiveCfg = Debug|Any CPU
		{42F330E4-7B0D-4A6D-B049-125F9834CE51}.Debug|Any CPU.Build.0 = Debug|Any CPU
		{42F330E4-7B0D-4A6D-B049-125F9834CE51}.Release|Any CPU.ActiveCfg = Release|Any CPU
		{42F330E4-7B0D-4A6D-B049-125F9834CE51}.Release|Any CPU.Build.0 = Release|Any CPU
		{D973DBAE-1520-4E60-9615-DAD7062BEFB7}.Debug|Any CPU.ActiveCfg = Debug|Any CPU
		{D973DBAE-1520-4E60-9615-DAD7062BEFB7}.Debug|Any CPU.Build.0 = Debug|Any CPU
		{D973DBAE-1520-4E60-9615-DAD7062BEFB7}.Release|Any CPU.ActiveCfg = Release|Any CPU
		{D973DBAE-1520-4E60-9615-DAD7062BEFB7}.Release|Any CPU.Build.0 = Release|Any CPU
	EndGlobalSection
	GlobalSection(SolutionProperties) = preSolution
		HideSolutionNode = FALSE
	EndGlobalSection
	GlobalSection(ExtensibilityGlobals) = postSolution
		SolutionGuid = {9156368A-F571-4718-93BE-4738D2275E40}
	EndGlobalSection
EndGlobal
