
Microsoft Visual Studio Solution File, Format Version 12.00
# Visual Studio Version 16
VisualStudioVersion = 16.0.30717.126
MinimumVisualStudioVersion = 10.0.40219.1
Project("{FAE04EC0-301F-11D3-BF4B-00C04F79EFBC}") = "ExercisesSolid", "ExercisesSolid\ExercisesSolid.csproj", "{F550E44C-8806-445F-9758-AC10DE2767DF}"
EndProject
Global
	GlobalSection(SolutionConfigurationPlatforms) = preSolution
		Debug|Any CPU = Debug|Any CPU
		Release|Any CPU = Release|Any CPU
	EndGlobalSection
	GlobalSection(ProjectConfigurationPlatforms) = postSolution
		{F550E44C-8806-445F-9758-AC10DE2767DF}.Debug|Any CPU.ActiveCfg = Debug|Any CPU
		{F550E44C-8806-445F-9758-AC10DE2767DF}.Debug|Any CPU.Build.0 = Debug|Any CPU
		{F550E44C-8806-445F-9758-AC10DE2767DF}.Release|Any CPU.ActiveCfg = Release|Any CPU
		{F550E44C-8806-445F-9758-AC10DE2767DF}.Release|Any CPU.Build.0 = Release|Any CPU
	EndGlobalSection
	GlobalSection(SolutionProperties) = preSolution
		HideSolutionNode = FALSE
	EndGlobalSection
	GlobalSection(ExtensibilityGlobals) = postSolution
		SolutionGuid = {3BDF9353-82FA-4813-9FB2-9B1CB598111D}
	EndGlobalSection
EndGlobal
