
Microsoft Visual Studio Solution File, Format Version 12.00
# Visual Studio Version 16
VisualStudioVersion = 16.0.30717.126
MinimumVisualStudioVersion = 10.0.40219.1
Project("{9A19103F-16F7-4668-BE54-9A1E7A4F7556}") = "IteratorsAndComparators", "01.Library\IteratorsAndComparators.csproj", "{BB7B8E6A-58ED-403B-9826-620BF75190F9}"
EndProject
Project("{FAE04EC0-301F-11D3-BF4B-00C04F79EFBC}") = "03.ComparableBook", "03.ComparableBook\03.ComparableBook.csproj", "{4C852714-75E5-46BE-84BD-CF93D8CAC94D}"
EndProject
Global
	GlobalSection(SolutionConfigurationPlatforms) = preSolution
		Debug|Any CPU = Debug|Any CPU
		Release|Any CPU = Release|Any CPU
	EndGlobalSection
	GlobalSection(ProjectConfigurationPlatforms) = postSolution
		{BB7B8E6A-58ED-403B-9826-620BF75190F9}.Debug|Any CPU.ActiveCfg = Debug|Any CPU
		{BB7B8E6A-58ED-403B-9826-620BF75190F9}.Debug|Any CPU.Build.0 = Debug|Any CPU
		{BB7B8E6A-58ED-403B-9826-620BF75190F9}.Release|Any CPU.ActiveCfg = Release|Any CPU
		{BB7B8E6A-58ED-403B-9826-620BF75190F9}.Release|Any CPU.Build.0 = Release|Any CPU
		{4C852714-75E5-46BE-84BD-CF93D8CAC94D}.Debug|Any CPU.ActiveCfg = Debug|Any CPU
		{4C852714-75E5-46BE-84BD-CF93D8CAC94D}.Debug|Any CPU.Build.0 = Debug|Any CPU
		{4C852714-75E5-46BE-84BD-CF93D8CAC94D}.Release|Any CPU.ActiveCfg = Release|Any CPU
		{4C852714-75E5-46BE-84BD-CF93D8CAC94D}.Release|Any CPU.Build.0 = Release|Any CPU
	EndGlobalSection
	GlobalSection(SolutionProperties) = preSolution
		HideSolutionNode = FALSE
	EndGlobalSection
	GlobalSection(ExtensibilityGlobals) = postSolution
		SolutionGuid = {AF162702-1245-4675-A87C-C05CBD65F289}
	EndGlobalSection
EndGlobal
