
Microsoft Visual Studio Solution File, Format Version 12.00
# Visual Studio Version 16
VisualStudioVersion = 16.0.30717.126
MinimumVisualStudioVersion = 10.0.40219.1
Project("{9A19103F-16F7-4668-BE54-9A1E7A4F7556}") = "01.ClassBoxData", "01.ClassBoxData\01.ClassBoxData.csproj", "{37498E44-F380-41A7-BC60-27CB9543409D}"
EndProject
Project("{9A19103F-16F7-4668-BE54-9A1E7A4F7556}") = "AnimalFarm", "..\..\..\..\Downloads\AnimalFarm\AnimalFarm\AnimalFarm.csproj", "{BC90210C-1D99-4554-8C61-FB3E4FAEDF78}"
EndProject
Project("{9A19103F-16F7-4668-BE54-9A1E7A4F7556}") = "03.ShoppingSpree", "03.ShoppingSpree\03.ShoppingSpree.csproj", "{BCDDED96-A57D-4474-857E-10EF56F2AE29}"
EndProject
Project("{FAE04EC0-301F-11D3-BF4B-00C04F79EFBC}") = "04.PizzaCalories", "04.PizzaCalories\04.PizzaCalories.csproj", "{B005BC84-9D15-479D-9336-7C54641C7692}"
EndProject
Global
	GlobalSection(SolutionConfigurationPlatforms) = preSolution
		Debug|Any CPU = Debug|Any CPU
		Release|Any CPU = Release|Any CPU
	EndGlobalSection
	GlobalSection(ProjectConfigurationPlatforms) = postSolution
		{37498E44-F380-41A7-BC60-27CB9543409D}.Debug|Any CPU.ActiveCfg = Debug|Any CPU
		{37498E44-F380-41A7-BC60-27CB9543409D}.Debug|Any CPU.Build.0 = Debug|Any CPU
		{37498E44-F380-41A7-BC60-27CB9543409D}.Release|Any CPU.ActiveCfg = Release|Any CPU
		{37498E44-F380-41A7-BC60-27CB9543409D}.Release|Any CPU.Build.0 = Release|Any CPU
		{BC90210C-1D99-4554-8C61-FB3E4FAEDF78}.Debug|Any CPU.ActiveCfg = Debug|Any CPU
		{BC90210C-1D99-4554-8C61-FB3E4FAEDF78}.Debug|Any CPU.Build.0 = Debug|Any CPU
		{BC90210C-1D99-4554-8C61-FB3E4FAEDF78}.Release|Any CPU.ActiveCfg = Release|Any CPU
		{BC90210C-1D99-4554-8C61-FB3E4FAEDF78}.Release|Any CPU.Build.0 = Release|Any CPU
		{BCDDED96-A57D-4474-857E-10EF56F2AE29}.Debug|Any CPU.ActiveCfg = Debug|Any CPU
		{BCDDED96-A57D-4474-857E-10EF56F2AE29}.Debug|Any CPU.Build.0 = Debug|Any CPU
		{BCDDED96-A57D-4474-857E-10EF56F2AE29}.Release|Any CPU.ActiveCfg = Release|Any CPU
		{BCDDED96-A57D-4474-857E-10EF56F2AE29}.Release|Any CPU.Build.0 = Release|Any CPU
		{B005BC84-9D15-479D-9336-7C54641C7692}.Debug|Any CPU.ActiveCfg = Debug|Any CPU
		{B005BC84-9D15-479D-9336-7C54641C7692}.Debug|Any CPU.Build.0 = Debug|Any CPU
		{B005BC84-9D15-479D-9336-7C54641C7692}.Release|Any CPU.ActiveCfg = Release|Any CPU
		{B005BC84-9D15-479D-9336-7C54641C7692}.Release|Any CPU.Build.0 = Release|Any CPU
	EndGlobalSection
	GlobalSection(SolutionProperties) = preSolution
		HideSolutionNode = FALSE
	EndGlobalSection
	GlobalSection(ExtensibilityGlobals) = postSolution
		SolutionGuid = {784C1CBC-71C9-4F59-94EB-8D14A4A0BCF5}
	EndGlobalSection
EndGlobal
