
Microsoft Visual Studio Solution File, Format Version 12.00
# Visual Studio Version 16
VisualStudioVersion = 16.0.30717.126
MinimumVisualStudioVersion = 10.0.40219.1
Project("{FAE04EC0-301F-11D3-BF4B-00C04F79EFBC}") = "Operations", "01.MathOperations\Operations.csproj", "{8ED28DB0-E2AF-48D7-AF6F-1BC5E82CD642}"
EndProject
Project("{FAE04EC0-301F-11D3-BF4B-00C04F79EFBC}") = "Animals", "Animals\Animals.csproj", "{DA23B0CD-BB10-4DCE-ACA0-98ABE32FFDA0}"
EndProject
Project("{9A19103F-16F7-4668-BE54-9A1E7A4F7556}") = "Shapes", "Shapes\Shapes.csproj", "{27F91496-8AD4-4D45-A54F-56E390C91E0C}"
EndProject
Global
	GlobalSection(SolutionConfigurationPlatforms) = preSolution
		Debug|Any CPU = Debug|Any CPU
		Release|Any CPU = Release|Any CPU
	EndGlobalSection
	GlobalSection(ProjectConfigurationPlatforms) = postSolution
		{8ED28DB0-E2AF-48D7-AF6F-1BC5E82CD642}.Debug|Any CPU.ActiveCfg = Debug|Any CPU
		{8ED28DB0-E2AF-48D7-AF6F-1BC5E82CD642}.Debug|Any CPU.Build.0 = Debug|Any CPU
		{8ED28DB0-E2AF-48D7-AF6F-1BC5E82CD642}.Release|Any CPU.ActiveCfg = Release|Any CPU
		{8ED28DB0-E2AF-48D7-AF6F-1BC5E82CD642}.Release|Any CPU.Build.0 = Release|Any CPU
		{DA23B0CD-BB10-4DCE-ACA0-98ABE32FFDA0}.Debug|Any CPU.ActiveCfg = Debug|Any CPU
		{DA23B0CD-BB10-4DCE-ACA0-98ABE32FFDA0}.Debug|Any CPU.Build.0 = Debug|Any CPU
		{DA23B0CD-BB10-4DCE-ACA0-98ABE32FFDA0}.Release|Any CPU.ActiveCfg = Release|Any CPU
		{DA23B0CD-BB10-4DCE-ACA0-98ABE32FFDA0}.Release|Any CPU.Build.0 = Release|Any CPU
		{27F91496-8AD4-4D45-A54F-56E390C91E0C}.Debug|Any CPU.ActiveCfg = Debug|Any CPU
		{27F91496-8AD4-4D45-A54F-56E390C91E0C}.Debug|Any CPU.Build.0 = Debug|Any CPU
		{27F91496-8AD4-4D45-A54F-56E390C91E0C}.Release|Any CPU.ActiveCfg = Release|Any CPU
		{27F91496-8AD4-4D45-A54F-56E390C91E0C}.Release|Any CPU.Build.0 = Release|Any CPU
	EndGlobalSection
	GlobalSection(SolutionProperties) = preSolution
		HideSolutionNode = FALSE
	EndGlobalSection
	GlobalSection(ExtensibilityGlobals) = postSolution
		SolutionGuid = {4C4B8FA9-FB37-4D38-B1A1-5EB3242655BF}
	EndGlobalSection
EndGlobal
