
Microsoft Visual Studio Solution File, Format Version 12.00
# Visual Studio Version 16
VisualStudioVersion = 16.0.30717.126
MinimumVisualStudioVersion = 10.0.40219.1
Project("{9A19103F-16F7-4668-BE54-9A1E7A4F7556}") = "LinkedList", "LinkedList\LinkedList.csproj", "{974B7920-C23C-46FA-8FFD-535EABAEAB1C}"
EndProject
Project("{FAE04EC0-301F-11D3-BF4B-00C04F79EFBC}") = "ImplementingStackAndQueue", "ImplementingStackAndQueue\ImplementingStackAndQueue.csproj", "{F6EEC717-AD2D-488E-87AD-F513E36A569F}"
EndProject
Global
	GlobalSection(SolutionConfigurationPlatforms) = preSolution
		Debug|Any CPU = Debug|Any CPU
		Release|Any CPU = Release|Any CPU
	EndGlobalSection
	GlobalSection(ProjectConfigurationPlatforms) = postSolution
		{974B7920-C23C-46FA-8FFD-535EABAEAB1C}.Debug|Any CPU.ActiveCfg = Debug|Any CPU
		{974B7920-C23C-46FA-8FFD-535EABAEAB1C}.Debug|Any CPU.Build.0 = Debug|Any CPU
		{974B7920-C23C-46FA-8FFD-535EABAEAB1C}.Release|Any CPU.ActiveCfg = Release|Any CPU
		{974B7920-C23C-46FA-8FFD-535EABAEAB1C}.Release|Any CPU.Build.0 = Release|Any CPU
		{F6EEC717-AD2D-488E-87AD-F513E36A569F}.Debug|Any CPU.ActiveCfg = Debug|Any CPU
		{F6EEC717-AD2D-488E-87AD-F513E36A569F}.Debug|Any CPU.Build.0 = Debug|Any CPU
		{F6EEC717-AD2D-488E-87AD-F513E36A569F}.Release|Any CPU.ActiveCfg = Release|Any CPU
		{F6EEC717-AD2D-488E-87AD-F513E36A569F}.Release|Any CPU.Build.0 = Release|Any CPU
	EndGlobalSection
	GlobalSection(SolutionProperties) = preSolution
		HideSolutionNode = FALSE
	EndGlobalSection
	GlobalSection(ExtensibilityGlobals) = postSolution
		SolutionGuid = {15C306D5-D506-4F7E-AF06-929DD6444761}
	EndGlobalSection
EndGlobal
