
Microsoft Visual Studio Solution File, Format Version 12.00
# Visual Studio Version 16
VisualStudioVersion = 16.0.30717.126
MinimumVisualStudioVersion = 10.0.40219.1
Project("{FAE04EC0-301F-11D3-BF4B-00C04F79EFBC}") = "BoxOfT", "01.Box\BoxOfT.csproj", "{875108BC-464F-476E-907E-32ED4FA865DB}"
EndProject
Project("{FAE04EC0-301F-11D3-BF4B-00C04F79EFBC}") = "GenericArrayCreator", "02.ArrayCreator\GenericArrayCreator.csproj", "{2057E0AA-EAFC-4DAB-A3D7-C7F7B068E2E9}"
EndProject
Project("{FAE04EC0-301F-11D3-BF4B-00C04F79EFBC}") = "GenericScale", "03.GenericScale\GenericScale.csproj", "{18EDCF0A-2C23-4632-9ADD-C83807A33076}"
EndProject
Global
	GlobalSection(SolutionConfigurationPlatforms) = preSolution
		Debug|Any CPU = Debug|Any CPU
		Release|Any CPU = Release|Any CPU
	EndGlobalSection
	GlobalSection(ProjectConfigurationPlatforms) = postSolution
		{875108BC-464F-476E-907E-32ED4FA865DB}.Debug|Any CPU.ActiveCfg = Debug|Any CPU
		{875108BC-464F-476E-907E-32ED4FA865DB}.Debug|Any CPU.Build.0 = Debug|Any CPU
		{875108BC-464F-476E-907E-32ED4FA865DB}.Release|Any CPU.ActiveCfg = Release|Any CPU
		{875108BC-464F-476E-907E-32ED4FA865DB}.Release|Any CPU.Build.0 = Release|Any CPU
		{2057E0AA-EAFC-4DAB-A3D7-C7F7B068E2E9}.Debug|Any CPU.ActiveCfg = Debug|Any CPU
		{2057E0AA-EAFC-4DAB-A3D7-C7F7B068E2E9}.Debug|Any CPU.Build.0 = Debug|Any CPU
		{2057E0AA-EAFC-4DAB-A3D7-C7F7B068E2E9}.Release|Any CPU.ActiveCfg = Release|Any CPU
		{2057E0AA-EAFC-4DAB-A3D7-C7F7B068E2E9}.Release|Any CPU.Build.0 = Release|Any CPU
		{18EDCF0A-2C23-4632-9ADD-C83807A33076}.Debug|Any CPU.ActiveCfg = Debug|Any CPU
		{18EDCF0A-2C23-4632-9ADD-C83807A33076}.Debug|Any CPU.Build.0 = Debug|Any CPU
		{18EDCF0A-2C23-4632-9ADD-C83807A33076}.Release|Any CPU.ActiveCfg = Release|Any CPU
		{18EDCF0A-2C23-4632-9ADD-C83807A33076}.Release|Any CPU.Build.0 = Release|Any CPU
	EndGlobalSection
	GlobalSection(SolutionProperties) = preSolution
		HideSolutionNode = FALSE
	EndGlobalSection
	GlobalSection(ExtensibilityGlobals) = postSolution
		SolutionGuid = {01865E73-1939-43C1-BBA4-EC377FDDEE4B}
	EndGlobalSection
EndGlobal
