
Microsoft Visual Studio Solution File, Format Version 12.00
# Visual Studio Version 16
VisualStudioVersion = 16.0.30717.126
MinimumVisualStudioVersion = 10.0.40219.1
Project("{9A19103F-16F7-4668-BE54-9A1E7A4F7556}") = "11.ThePartyReservationFilterModule", "11.ThePartyReservationFilterModule\11.ThePartyReservationFilterModule.csproj", "{B511730D-036E-483F-A42D-4CD355136F2E}"
EndProject
Project("{FAE04EC0-301F-11D3-BF4B-00C04F79EFBC}") = "12.TriFunction", "12.TriFunction\12.TriFunction.csproj", "{D894F86B-E342-4D59-973A-D4A9D789402B}"
EndProject
Global
	GlobalSection(SolutionConfigurationPlatforms) = preSolution
		Debug|Any CPU = Debug|Any CPU
		Release|Any CPU = Release|Any CPU
	EndGlobalSection
	GlobalSection(ProjectConfigurationPlatforms) = postSolution
		{B511730D-036E-483F-A42D-4CD355136F2E}.Debug|Any CPU.ActiveCfg = Debug|Any CPU
		{B511730D-036E-483F-A42D-4CD355136F2E}.Debug|Any CPU.Build.0 = Debug|Any CPU
		{B511730D-036E-483F-A42D-4CD355136F2E}.Release|Any CPU.ActiveCfg = Release|Any CPU
		{B511730D-036E-483F-A42D-4CD355136F2E}.Release|Any CPU.Build.0 = Release|Any CPU
		{D894F86B-E342-4D59-973A-D4A9D789402B}.Debug|Any CPU.ActiveCfg = Debug|Any CPU
		{D894F86B-E342-4D59-973A-D4A9D789402B}.Debug|Any CPU.Build.0 = Debug|Any CPU
		{D894F86B-E342-4D59-973A-D4A9D789402B}.Release|Any CPU.ActiveCfg = Release|Any CPU
		{D894F86B-E342-4D59-973A-D4A9D789402B}.Release|Any CPU.Build.0 = Release|Any CPU
	EndGlobalSection
	GlobalSection(SolutionProperties) = preSolution
		HideSolutionNode = FALSE
	EndGlobalSection
	GlobalSection(ExtensibilityGlobals) = postSolution
		SolutionGuid = {054B1E51-89B1-4BEF-8064-D6FA895E9309}
	EndGlobalSection
EndGlobal
